
Microsoft Visual Studio Solution File, Format Version 12.00
# Visual Studio Version 16
VisualStudioVersion = 16.0.31729.503
MinimumVisualStudioVersion = 10.0.40219.1
Project("{FAE04EC0-301F-11D3-BF4B-00C04F79EFBC}") = "SchoolApp", "SchoolApp\SchoolApp.csproj", "{3C19935F-A9A8-4340-877A-AB942C347B21}"
EndProject
Global
	GlobalSection(SolutionConfigurationPlatforms) = preSolution
		Debug|Any CPU = Debug|Any CPU
		Release|Any CPU = Release|Any CPU
	EndGlobalSection
	GlobalSection(ProjectConfigurationPlatforms) = postSolution
		{3C19935F-A9A8-4340-877A-AB942C347B21}.Debug|Any CPU.ActiveCfg = Debug|Any CPU
		{3C19935F-A9A8-4340-877A-AB942C347B21}.Debug|Any CPU.Build.0 = Debug|Any CPU
		{3C19935F-A9A8-4340-877A-AB942C347B21}.Release|Any CPU.ActiveCfg = Release|Any CPU
		{3C19935F-A9A8-4340-877A-AB942C347B21}.Release|Any CPU.Build.0 = Release|Any CPU
	EndGlobalSection
	GlobalSection(SolutionProperties) = preSolution
		HideSolutionNode = FALSE
	EndGlobalSection
	GlobalSection(ExtensibilityGlobals) = postSolution
		SolutionGuid = {ADC95FC6-4DC2-4084-9C7B-2E28A4219A1E}
	EndGlobalSection
EndGlobal
